
Microsoft Visual Studio Solution File, Format Version 12.00
# Visual Studio Version 17
VisualStudioVersion = 17.1.32228.430
MinimumVisualStudioVersion = 10.0.40219.1
Project("{F2A71F9B-5D33-465A-A702-920D77279786}") = "Num_15", "Num_15\Num_15.fsproj", "{61444D19-E662-4099-874C-0A1112209422}"
EndProject
Global
	GlobalSection(SolutionConfigurationPlatforms) = preSolution
		Debug|Any CPU = Debug|Any CPU
		Release|Any CPU = Release|Any CPU
	EndGlobalSection
	GlobalSection(ProjectConfigurationPlatforms) = postSolution
		{61444D19-E662-4099-874C-0A1112209422}.Debug|Any CPU.ActiveCfg = Debug|Any CPU
		{61444D19-E662-4099-874C-0A1112209422}.Debug|Any CPU.Build.0 = Debug|Any CPU
		{61444D19-E662-4099-874C-0A1112209422}.Release|Any CPU.ActiveCfg = Release|Any CPU
		{61444D19-E662-4099-874C-0A1112209422}.Release|Any CPU.Build.0 = Release|Any CPU
	EndGlobalSection
	GlobalSection(SolutionProperties) = preSolution
		HideSolutionNode = FALSE
	EndGlobalSection
	GlobalSection(ExtensibilityGlobals) = postSolution
		SolutionGuid = {C90D4643-C15D-4A9C-80BA-001F6353C6B9}
	EndGlobalSection
EndGlobal
