
Microsoft Visual Studio Solution File, Format Version 12.00
# Visual Studio Version 16
VisualStudioVersion = 16.0.810.14
MinimumVisualStudioVersion = 10.0.40219.1
Project("{F2A71F9B-5D33-465A-A702-920D77279786}") = "LB_5", "LB_5\LB_5.fsproj", "{0F6E3A9F-204F-4C8E-BFB9-2FFCF9761483}"
EndProject
Global
	GlobalSection(SolutionConfigurationPlatforms) = preSolution
		Debug|Any CPU = Debug|Any CPU
		Release|Any CPU = Release|Any CPU
	EndGlobalSection
	GlobalSection(ProjectConfigurationPlatforms) = postSolution
		{0F6E3A9F-204F-4C8E-BFB9-2FFCF9761483}.Debug|Any CPU.ActiveCfg = Debug|Any CPU
		{0F6E3A9F-204F-4C8E-BFB9-2FFCF9761483}.Debug|Any CPU.Build.0 = Debug|Any CPU
		{0F6E3A9F-204F-4C8E-BFB9-2FFCF9761483}.Release|Any CPU.ActiveCfg = Release|Any CPU
		{0F6E3A9F-204F-4C8E-BFB9-2FFCF9761483}.Release|Any CPU.Build.0 = Release|Any CPU
	EndGlobalSection
	GlobalSection(SolutionProperties) = preSolution
		HideSolutionNode = FALSE
	EndGlobalSection
	GlobalSection(ExtensibilityGlobals) = postSolution
		SolutionGuid = {FA4717D7-53CD-420D-89D6-B4FAE9A0AF47}
	EndGlobalSection
EndGlobal
